
Microsoft Visual Studio Solution File, Format Version 12.00
# Visual Studio Version 17
VisualStudioVersion = 17.0.31912.275
MinimumVisualStudioVersion = 10.0.40219.1
Project("{9A19103F-16F7-4668-BE54-9A1E7A4F7556}") = "LoopMusicPlayer", "LoopMusicPlayer\LoopMusicPlayer.csproj", "{8D085EFB-4E08-490A-8CCD-B9AC0EB6226D}"
	ProjectSection(ProjectDependencies) = postProject
		{5584CA0F-CBF4-4239-9A16-3A94EAD3F9AB} = {5584CA0F-CBF4-4239-9A16-3A94EAD3F9AB}
	EndProjectSection
EndProject
Project("{9A19103F-16F7-4668-BE54-9A1E7A4F7556}") = "LoopMusicPlayer-Core", "LoopMusicPlayer-Core\LoopMusicPlayer-Core.csproj", "{5584CA0F-CBF4-4239-9A16-3A94EAD3F9AB}"
EndProject
Global
	GlobalSection(SolutionConfigurationPlatforms) = preSolution
		Debug|Any CPU = Debug|Any CPU
		Release|Any CPU = Release|Any CPU
	EndGlobalSection
	GlobalSection(ProjectConfigurationPlatforms) = postSolution
		{8D085EFB-4E08-490A-8CCD-B9AC0EB6226D}.Debug|Any CPU.ActiveCfg = Debug|Any CPU
		{8D085EFB-4E08-490A-8CCD-B9AC0EB6226D}.Debug|Any CPU.Build.0 = Debug|Any CPU
		{8D085EFB-4E08-490A-8CCD-B9AC0EB6226D}.Release|Any CPU.ActiveCfg = Release|Any CPU
		{8D085EFB-4E08-490A-8CCD-B9AC0EB6226D}.Release|Any CPU.Build.0 = Release|Any CPU
		{5584CA0F-CBF4-4239-9A16-3A94EAD3F9AB}.Debug|Any CPU.ActiveCfg = Debug|Any CPU
		{5584CA0F-CBF4-4239-9A16-3A94EAD3F9AB}.Debug|Any CPU.Build.0 = Debug|Any CPU
		{5584CA0F-CBF4-4239-9A16-3A94EAD3F9AB}.Release|Any CPU.ActiveCfg = Release|Any CPU
		{5584CA0F-CBF4-4239-9A16-3A94EAD3F9AB}.Release|Any CPU.Build.0 = Release|Any CPU
	EndGlobalSection
	GlobalSection(SolutionProperties) = preSolution
		HideSolutionNode = FALSE
	EndGlobalSection
	GlobalSection(ExtensibilityGlobals) = postSolution
		SolutionGuid = {651471AD-FD2D-418E-826B-E06FB1359CBE}
	EndGlobalSection
EndGlobal
